
Microsoft Visual Studio Solution File, Format Version 12.00
# Visual Studio 15
VisualStudioVersion = 15.0.26730.15
MinimumVisualStudioVersion = 10.0.40219.1
Project("{FAE04EC0-301F-11D3-BF4B-00C04F79EFBC}") = "AngularWCore2", "AngularWCore2\AngularWCore2.csproj", "{339F4D71-65EF-41DD-A425-5B2A87A92623}"
EndProject
Global
	GlobalSection(SolutionConfigurationPlatforms) = preSolution
		Debug|Any CPU = Debug|Any CPU
		Release|Any CPU = Release|Any CPU
	EndGlobalSection
	GlobalSection(ProjectConfigurationPlatforms) = postSolution
		{339F4D71-65EF-41DD-A425-5B2A87A92623}.Debug|Any CPU.ActiveCfg = Debug|Any CPU
		{339F4D71-65EF-41DD-A425-5B2A87A92623}.Debug|Any CPU.Build.0 = Debug|Any CPU
		{339F4D71-65EF-41DD-A425-5B2A87A92623}.Release|Any CPU.ActiveCfg = Release|Any CPU
		{339F4D71-65EF-41DD-A425-5B2A87A92623}.Release|Any CPU.Build.0 = Release|Any CPU
	EndGlobalSection
	GlobalSection(SolutionProperties) = preSolution
		HideSolutionNode = FALSE
	EndGlobalSection
	GlobalSection(ExtensibilityGlobals) = postSolution
		SolutionGuid = {9248857E-9833-43D5-8CB7-52CA85933B1A}
	EndGlobalSection
EndGlobal
